
Microsoft Visual Studio Solution File, Format Version 12.00
# Visual Studio Version 16
VisualStudioVersion = 16.0.31105.61
MinimumVisualStudioVersion = 10.0.40219.1
Project("{FAE04EC0-301F-11D3-BF4B-00C04F79EFBC}") = "IracingEventProvider", "IracingEventProvider\IracingEventProvider.csproj", "{727E70A4-C15C-4037-A240-06DEA175CBAE}"
EndProject
Project("{FAE04EC0-301F-11D3-BF4B-00C04F79EFBC}") = "ConsoleDataDump", "ConsoleDataDump\ConsoleDataDump.csproj", "{9F53820A-AA82-4FAF-8E8B-F93133641DD7}"
EndProject
Global
	GlobalSection(SolutionConfigurationPlatforms) = preSolution
		Debug|Any CPU = Debug|Any CPU
		Release|Any CPU = Release|Any CPU
	EndGlobalSection
	GlobalSection(ProjectConfigurationPlatforms) = postSolution
		{727E70A4-C15C-4037-A240-06DEA175CBAE}.Debug|Any CPU.ActiveCfg = Debug|Any CPU
		{727E70A4-C15C-4037-A240-06DEA175CBAE}.Debug|Any CPU.Build.0 = Debug|Any CPU
		{727E70A4-C15C-4037-A240-06DEA175CBAE}.Release|Any CPU.ActiveCfg = Release|Any CPU
		{727E70A4-C15C-4037-A240-06DEA175CBAE}.Release|Any CPU.Build.0 = Release|Any CPU
		{9F53820A-AA82-4FAF-8E8B-F93133641DD7}.Debug|Any CPU.ActiveCfg = Debug|Any CPU
		{9F53820A-AA82-4FAF-8E8B-F93133641DD7}.Debug|Any CPU.Build.0 = Debug|Any CPU
		{9F53820A-AA82-4FAF-8E8B-F93133641DD7}.Release|Any CPU.ActiveCfg = Release|Any CPU
		{9F53820A-AA82-4FAF-8E8B-F93133641DD7}.Release|Any CPU.Build.0 = Release|Any CPU
	EndGlobalSection
	GlobalSection(SolutionProperties) = preSolution
		HideSolutionNode = FALSE
	EndGlobalSection
	GlobalSection(ExtensibilityGlobals) = postSolution
		SolutionGuid = {679B1755-738B-4D23-B5F0-870E99F47D6A}
	EndGlobalSection
EndGlobal
