
Microsoft Visual Studio Solution File, Format Version 12.00
# Visual Studio Version 16
VisualStudioVersion = 16.0.31105.61
MinimumVisualStudioVersion = 10.0.40219.1
Project("{FAE04EC0-301F-11D3-BF4B-00C04F79EFBC}") = "IracingEventProvider", "IracingEventProvider\IracingEventProvider.csproj", "{138324EB-1112-4D25-97F2-1129DC8305B6}"
EndProject
Global
	GlobalSection(SolutionConfigurationPlatforms) = preSolution
		Debug|Any CPU = Debug|Any CPU
		Release|Any CPU = Release|Any CPU
	EndGlobalSection
	GlobalSection(ProjectConfigurationPlatforms) = postSolution
		{138324EB-1112-4D25-97F2-1129DC8305B6}.Debug|Any CPU.ActiveCfg = Debug|Any CPU
		{138324EB-1112-4D25-97F2-1129DC8305B6}.Debug|Any CPU.Build.0 = Debug|Any CPU
		{138324EB-1112-4D25-97F2-1129DC8305B6}.Release|Any CPU.ActiveCfg = Release|Any CPU
		{138324EB-1112-4D25-97F2-1129DC8305B6}.Release|Any CPU.Build.0 = Release|Any CPU
	EndGlobalSection
	GlobalSection(SolutionProperties) = preSolution
		HideSolutionNode = FALSE
	EndGlobalSection
	GlobalSection(ExtensibilityGlobals) = postSolution
		SolutionGuid = {679B1755-738B-4D23-B5F0-870E99F47D6A}
	EndGlobalSection
EndGlobal
